
Microsoft Visual Studio Solution File, Format Version 12.00
# Visual Studio Version 16
VisualStudioVersion = 16.0.33214.272
MinimumVisualStudioVersion = 10.0.40219.1
Project("{9A19103F-16F7-4668-BE54-9A1E7A4F7556}") = "DominoTrain", "DominoTrain\DominoTrain.csproj", "{95F358FA-8024-43B3-B503-940C0956A620}"
EndProject
Project("{9A19103F-16F7-4668-BE54-9A1E7A4F7556}") = "DominoClasses", "DominoClasses\DominoClasses.csproj", "{B890E06A-C0DD-428A-81CD-55CDE2EDDC86}"
EndProject
Global
	GlobalSection(SolutionConfigurationPlatforms) = preSolution
		Debug|Any CPU = Debug|Any CPU
		Release|Any CPU = Release|Any CPU
	EndGlobalSection
	GlobalSection(ProjectConfigurationPlatforms) = postSolution
		{95F358FA-8024-43B3-B503-940C0956A620}.Debug|Any CPU.ActiveCfg = Debug|Any CPU
		{95F358FA-8024-43B3-B503-940C0956A620}.Debug|Any CPU.Build.0 = Debug|Any CPU
		{95F358FA-8024-43B3-B503-940C0956A620}.Release|Any CPU.ActiveCfg = Release|Any CPU
		{95F358FA-8024-43B3-B503-940C0956A620}.Release|Any CPU.Build.0 = Release|Any CPU
		{B890E06A-C0DD-428A-81CD-55CDE2EDDC86}.Debug|Any CPU.ActiveCfg = Debug|Any CPU
		{B890E06A-C0DD-428A-81CD-55CDE2EDDC86}.Debug|Any CPU.Build.0 = Debug|Any CPU
		{B890E06A-C0DD-428A-81CD-55CDE2EDDC86}.Release|Any CPU.ActiveCfg = Release|Any CPU
		{B890E06A-C0DD-428A-81CD-55CDE2EDDC86}.Release|Any CPU.Build.0 = Release|Any CPU
	EndGlobalSection
	GlobalSection(SolutionProperties) = preSolution
		HideSolutionNode = FALSE
	EndGlobalSection
	GlobalSection(ExtensibilityGlobals) = postSolution
		SolutionGuid = {4E1925BD-9D06-4638-A553-A634D8DF240F}
	EndGlobalSection
EndGlobal
